// !$*UTF8*$!
{
	archiveVersion = 1;
	classes = {
	};
	objectVersion = 50;
	objects = {

/* Begin PBXBuildFile section */
		1F22EC4D266CE18E00EE9ED6 /* VideoPlayerView.swift in Sources */ = {isa = PBXBuildFile; fileRef = 1F22EC4C266CE18E00EE9ED6 /* VideoPlayerView.swift */; };
		1F22EC50266CE2F700EE9ED6 /* VideoPlayerHelper.swift in Sources */ = {isa = PBXBuildFile; fileRef = 1F22EC4F266CE2F700EE9ED6 /* VideoPlayerHelper.swift */; };
		1F43163F26602B6E007EB8DF /* AnimalListItemView.swift in Sources */ = {isa = PBXBuildFile; fileRef = 1F43163E26602B6E007EB8DF /* AnimalListItemView.swift */; };
		1F4FF28B265C4A8A0093ABE7 /* AfricaApp.swift in Sources */ = {isa = PBXBuildFile; fileRef = 1F4FF28A265C4A8A0093ABE7 /* AfricaApp.swift */; };
		1F4FF28D265C4A8A0093ABE7 /* ContentView.swift in Sources */ = {isa = PBXBuildFile; fileRef = 1F4FF28C265C4A8A0093ABE7 /* ContentView.swift */; };
		1F4FF28F265C4A8B0093ABE7 /* Assets.xcassets in Resources */ = {isa = PBXBuildFile; fileRef = 1F4FF28E265C4A8B0093ABE7 /* Assets.xcassets */; };
		1F4FF292265C4A8B0093ABE7 /* Preview Assets.xcassets in Resources */ = {isa = PBXBuildFile; fileRef = 1F4FF291265C4A8B0093ABE7 /* Preview Assets.xcassets */; };
		1F73285F265EDDA2000D2858 /* cheetah.mp4 in Resources */ = {isa = PBXBuildFile; fileRef = 1F732855265EDD9F000D2858 /* cheetah.mp4 */; };
		1F732860265EDDA2000D2858 /* rhino.mp4 in Resources */ = {isa = PBXBuildFile; fileRef = 1F732856265EDD9F000D2858 /* rhino.mp4 */; };
		1F732861265EDDA2000D2858 /* giraffe.mp4 in Resources */ = {isa = PBXBuildFile; fileRef = 1F732857265EDDA0000D2858 /* giraffe.mp4 */; };
		1F732862265EDDA2000D2858 /* hippo.mp4 in Resources */ = {isa = PBXBuildFile; fileRef = 1F732858265EDDA0000D2858 /* hippo.mp4 */; };
		1F732863265EDDA2000D2858 /* zebra.mp4 in Resources */ = {isa = PBXBuildFile; fileRef = 1F732859265EDDA0000D2858 /* zebra.mp4 */; };
		1F732864265EDDA2000D2858 /* elephant.mp4 in Resources */ = {isa = PBXBuildFile; fileRef = 1F73285A265EDDA1000D2858 /* elephant.mp4 */; };
		1F732865265EDDA2000D2858 /* lion.mp4 in Resources */ = {isa = PBXBuildFile; fileRef = 1F73285B265EDDA1000D2858 /* lion.mp4 */; };
		1F732866265EDDA2000D2858 /* gorilla.mp4 in Resources */ = {isa = PBXBuildFile; fileRef = 1F73285C265EDDA1000D2858 /* gorilla.mp4 */; };
		1F732867265EDDA2000D2858 /* lioness.mp4 in Resources */ = {isa = PBXBuildFile; fileRef = 1F73285D265EDDA2000D2858 /* lioness.mp4 */; };
		1F732868265EDDA2000D2858 /* ostrich.mp4 in Resources */ = {isa = PBXBuildFile; fileRef = 1F73285E265EDDA2000D2858 /* ostrich.mp4 */; };
		1F73286E265EEE9D000D2858 /* animals.json in Resources */ = {isa = PBXBuildFile; fileRef = 1F73286A265EEE9C000D2858 /* animals.json */; };
		1F73286F265EEE9D000D2858 /* covers.json in Resources */ = {isa = PBXBuildFile; fileRef = 1F73286B265EEE9C000D2858 /* covers.json */; };
		1F732870265EEE9D000D2858 /* locations.json in Resources */ = {isa = PBXBuildFile; fileRef = 1F73286C265EEE9C000D2858 /* locations.json */; };
		1F732871265EEE9D000D2858 /* videos.json in Resources */ = {isa = PBXBuildFile; fileRef = 1F73286D265EEE9D000D2858 /* videos.json */; };
		1F732874265EF0F2000D2858 /* VideoListView.swift in Sources */ = {isa = PBXBuildFile; fileRef = 1F732873265EF0F2000D2858 /* VideoListView.swift */; };
		1F732876265EF10C000D2858 /* MapView.swift in Sources */ = {isa = PBXBuildFile; fileRef = 1F732875265EF10C000D2858 /* MapView.swift */; };
		1F732878265EF11E000D2858 /* GalleryView.swift in Sources */ = {isa = PBXBuildFile; fileRef = 1F732877265EF11E000D2858 /* GalleryView.swift */; };
		1F73287A265EF12D000D2858 /* MainView.swift in Sources */ = {isa = PBXBuildFile; fileRef = 1F732879265EF12D000D2858 /* MainView.swift */; };
		1F73287D265F85CA000D2858 /* CoverImageView.swift in Sources */ = {isa = PBXBuildFile; fileRef = 1F73287C265F85CA000D2858 /* CoverImageView.swift */; };
		1F732880265F87DA000D2858 /* CoverImageModel.swift in Sources */ = {isa = PBXBuildFile; fileRef = 1F73287F265F87DA000D2858 /* CoverImageModel.swift */; };
		1F732883265F8892000D2858 /* CodableBundleExtension.swift in Sources */ = {isa = PBXBuildFile; fileRef = 1F732882265F8892000D2858 /* CodableBundleExtension.swift */; };
		1FC2B7882662976A0095399A /* AnimalModel.swift in Sources */ = {isa = PBXBuildFile; fileRef = 1FC2B7872662976A0095399A /* AnimalModel.swift */; };
		1FC2B78C26629CFE0095399A /* AnimalDetailView.swift in Sources */ = {isa = PBXBuildFile; fileRef = 1FC2B78B26629CFE0095399A /* AnimalDetailView.swift */; };
		1FC2B78E2662A2490095399A /* HeadingView.swift in Sources */ = {isa = PBXBuildFile; fileRef = 1FC2B78D2662A2490095399A /* HeadingView.swift */; };
		1FC2B7902662B8BC0095399A /* InsetGalleryView.swift in Sources */ = {isa = PBXBuildFile; fileRef = 1FC2B78F2662B8BC0095399A /* InsetGalleryView.swift */; };
		1FC2B7922662BC690095399A /* InsectFactView.swift in Sources */ = {isa = PBXBuildFile; fileRef = 1FC2B7912662BC690095399A /* InsectFactView.swift */; };
		1FC2B7942662C0F00095399A /* InsetMapView.swift in Sources */ = {isa = PBXBuildFile; fileRef = 1FC2B7932662C0F00095399A /* InsetMapView.swift */; };
		1FCB5ED62668027A00F11A9C /* ExternalWeblinkView.swift in Sources */ = {isa = PBXBuildFile; fileRef = 1FCB5ED52668027A00F11A9C /* ExternalWeblinkView.swift */; };
		1FCB5ED8266807B300F11A9C /* VideoModel.swift in Sources */ = {isa = PBXBuildFile; fileRef = 1FCB5ED7266807B300F11A9C /* VideoModel.swift */; };
		1FCB5EDC2668086D00F11A9C /* VideoListItemView.swift in Sources */ = {isa = PBXBuildFile; fileRef = 1FCB5EDB2668086D00F11A9C /* VideoListItemView.swift */; };
/* End PBXBuildFile section */

/* Begin PBXFileReference section */
		1F22EC4C266CE18E00EE9ED6 /* VideoPlayerView.swift */ = {isa = PBXFileReference; lastKnownFileType = sourcecode.swift; path = VideoPlayerView.swift; sourceTree = "<group>"; };
		1F22EC4F266CE2F700EE9ED6 /* VideoPlayerHelper.swift */ = {isa = PBXFileReference; lastKnownFileType = sourcecode.swift; path = VideoPlayerHelper.swift; sourceTree = "<group>"; };
		1F43163E26602B6E007EB8DF /* AnimalListItemView.swift */ = {isa = PBXFileReference; lastKnownFileType = sourcecode.swift; path = AnimalListItemView.swift; sourceTree = "<group>"; };
		1F4FF287265C4A8A0093ABE7 /* Africa.app */ = {isa = PBXFileReference; explicitFileType = wrapper.application; includeInIndex = 0; path = Africa.app; sourceTree = BUILT_PRODUCTS_DIR; };
		1F4FF28A265C4A8A0093ABE7 /* AfricaApp.swift */ = {isa = PBXFileReference; lastKnownFileType = sourcecode.swift; path = AfricaApp.swift; sourceTree = "<group>"; };
		1F4FF28C265C4A8A0093ABE7 /* ContentView.swift */ = {isa = PBXFileReference; lastKnownFileType = sourcecode.swift; path = ContentView.swift; sourceTree = "<group>"; };
		1F4FF28E265C4A8B0093ABE7 /* Assets.xcassets */ = {isa = PBXFileReference; lastKnownFileType = folder.assetcatalog; path = Assets.xcassets; sourceTree = "<group>"; };
		1F4FF291265C4A8B0093ABE7 /* Preview Assets.xcassets */ = {isa = PBXFileReference; lastKnownFileType = folder.assetcatalog; path = "Preview Assets.xcassets"; sourceTree = "<group>"; };
		1F4FF293265C4A8B0093ABE7 /* Info.plist */ = {isa = PBXFileReference; lastKnownFileType = text.plist.xml; path = Info.plist; sourceTree = "<group>"; };
		1F732855265EDD9F000D2858 /* cheetah.mp4 */ = {isa = PBXFileReference; lastKnownFileType = file; path = cheetah.mp4; sourceTree = "<group>"; };
		1F732856265EDD9F000D2858 /* rhino.mp4 */ = {isa = PBXFileReference; lastKnownFileType = file; path = rhino.mp4; sourceTree = "<group>"; };
		1F732857265EDDA0000D2858 /* giraffe.mp4 */ = {isa = PBXFileReference; lastKnownFileType = file; path = giraffe.mp4; sourceTree = "<group>"; };
		1F732858265EDDA0000D2858 /* hippo.mp4 */ = {isa = PBXFileReference; lastKnownFileType = file; path = hippo.mp4; sourceTree = "<group>"; };
		1F732859265EDDA0000D2858 /* zebra.mp4 */ = {isa = PBXFileReference; lastKnownFileType = file; path = zebra.mp4; sourceTree = "<group>"; };
		1F73285A265EDDA1000D2858 /* elephant.mp4 */ = {isa = PBXFileReference; lastKnownFileType = file; path = elephant.mp4; sourceTree = "<group>"; };
		1F73285B265EDDA1000D2858 /* lion.mp4 */ = {isa = PBXFileReference; lastKnownFileType = file; path = lion.mp4; sourceTree = "<group>"; };
		1F73285C265EDDA1000D2858 /* gorilla.mp4 */ = {isa = PBXFileReference; lastKnownFileType = file; path = gorilla.mp4; sourceTree = "<group>"; };
		1F73285D265EDDA2000D2858 /* lioness.mp4 */ = {isa = PBXFileReference; lastKnownFileType = file; path = lioness.mp4; sourceTree = "<group>"; };
		1F73285E265EDDA2000D2858 /* ostrich.mp4 */ = {isa = PBXFileReference; lastKnownFileType = file; path = ostrich.mp4; sourceTree = "<group>"; };
		1F73286A265EEE9C000D2858 /* animals.json */ = {isa = PBXFileReference; fileEncoding = 4; lastKnownFileType = text.json; path = animals.json; sourceTree = "<group>"; };
		1F73286B265EEE9C000D2858 /* covers.json */ = {isa = PBXFileReference; fileEncoding = 4; lastKnownFileType = text.json; path = covers.json; sourceTree = "<group>"; };
		1F73286C265EEE9C000D2858 /* locations.json */ = {isa = PBXFileReference; fileEncoding = 4; lastKnownFileType = text.json; path = locations.json; sourceTree = "<group>"; };
		1F73286D265EEE9D000D2858 /* videos.json */ = {isa = PBXFileReference; fileEncoding = 4; lastKnownFileType = text.json; path = videos.json; sourceTree = "<group>"; };
		1F732873265EF0F2000D2858 /* VideoListView.swift */ = {isa = PBXFileReference; lastKnownFileType = sourcecode.swift; path = VideoListView.swift; sourceTree = "<group>"; };
		1F732875265EF10C000D2858 /* MapView.swift */ = {isa = PBXFileReference; lastKnownFileType = sourcecode.swift; path = MapView.swift; sourceTree = "<group>"; };
		1F732877265EF11E000D2858 /* GalleryView.swift */ = {isa = PBXFileReference; lastKnownFileType = sourcecode.swift; path = GalleryView.swift; sourceTree = "<group>"; };
		1F732879265EF12D000D2858 /* MainView.swift */ = {isa = PBXFileReference; lastKnownFileType = sourcecode.swift; path = MainView.swift; sourceTree = "<group>"; };
		1F73287C265F85CA000D2858 /* CoverImageView.swift */ = {isa = PBXFileReference; lastKnownFileType = sourcecode.swift; path = CoverImageView.swift; sourceTree = "<group>"; };
		1F73287F265F87DA000D2858 /* CoverImageModel.swift */ = {isa = PBXFileReference; lastKnownFileType = sourcecode.swift; path = CoverImageModel.swift; sourceTree = "<group>"; };
		1F732882265F8892000D2858 /* CodableBundleExtension.swift */ = {isa = PBXFileReference; lastKnownFileType = sourcecode.swift; path = CodableBundleExtension.swift; sourceTree = "<group>"; };
		1FC2B7872662976A0095399A /* AnimalModel.swift */ = {isa = PBXFileReference; lastKnownFileType = sourcecode.swift; name = AnimalModel.swift; path = Africa/Model/AnimalModel.swift; sourceTree = SOURCE_ROOT; };
		1FC2B78B26629CFE0095399A /* AnimalDetailView.swift */ = {isa = PBXFileReference; lastKnownFileType = sourcecode.swift; path = AnimalDetailView.swift; sourceTree = "<group>"; };
		1FC2B78D2662A2490095399A /* HeadingView.swift */ = {isa = PBXFileReference; lastKnownFileType = sourcecode.swift; path = HeadingView.swift; sourceTree = "<group>"; };
		1FC2B78F2662B8BC0095399A /* InsetGalleryView.swift */ = {isa = PBXFileReference; lastKnownFileType = sourcecode.swift; path = InsetGalleryView.swift; sourceTree = "<group>"; };
		1FC2B7912662BC690095399A /* InsectFactView.swift */ = {isa = PBXFileReference; lastKnownFileType = sourcecode.swift; path = InsectFactView.swift; sourceTree = "<group>"; };
		1FC2B7932662C0F00095399A /* InsetMapView.swift */ = {isa = PBXFileReference; lastKnownFileType = sourcecode.swift; path = InsetMapView.swift; sourceTree = "<group>"; };
		1FCB5ED52668027A00F11A9C /* ExternalWeblinkView.swift */ = {isa = PBXFileReference; lastKnownFileType = sourcecode.swift; path = ExternalWeblinkView.swift; sourceTree = "<group>"; };
		1FCB5ED7266807B300F11A9C /* VideoModel.swift */ = {isa = PBXFileReference; lastKnownFileType = sourcecode.swift; path = VideoModel.swift; sourceTree = "<group>"; };
		1FCB5EDB2668086D00F11A9C /* VideoListItemView.swift */ = {isa = PBXFileReference; lastKnownFileType = sourcecode.swift; path = VideoListItemView.swift; sourceTree = "<group>"; };
/* End PBXFileReference section */

/* Begin PBXFrameworksBuildPhase section */
		1F4FF284265C4A8A0093ABE7 /* Frameworks */ = {
			isa = PBXFrameworksBuildPhase;
			buildActionMask = 2147483647;
			files = (
			);
			runOnlyForDeploymentPostprocessing = 0;
		};
/* End PBXFrameworksBuildPhase section */

/* Begin PBXGroup section */
		1F22EC4E266CE2E900EE9ED6 /* Helper */ = {
			isa = PBXGroup;
			children = (
				1F22EC4F266CE2F700EE9ED6 /* VideoPlayerHelper.swift */,
			);
			path = Helper;
			sourceTree = "<group>";
		};
		1F4FF27E265C4A890093ABE7 = {
			isa = PBXGroup;
			children = (
				1F4FF289265C4A8A0093ABE7 /* Africa */,
				1F4FF288265C4A8A0093ABE7 /* Products */,
			);
			sourceTree = "<group>";
		};
		1F4FF288265C4A8A0093ABE7 /* Products */ = {
			isa = PBXGroup;
			children = (
				1F4FF287265C4A8A0093ABE7 /* Africa.app */,
			);
			name = Products;
			sourceTree = "<group>";
		};
		1F4FF289265C4A8A0093ABE7 /* Africa */ = {
			isa = PBXGroup;
			children = (
				1F22EC4E266CE2E900EE9ED6 /* Helper */,
				1F732881265F8880000D2858 /* Extension */,
				1F73287E265F87C6000D2858 /* Model */,
				1F73287B265F85C2000D2858 /* View */,
				1F732869265EEE7B000D2858 /* Data */,
				1F732854265EDD67000D2858 /* Video */,
				1F732872265EF093000D2858 /* App */,
				1F4FF28E265C4A8B0093ABE7 /* Assets.xcassets */,
				1F4FF293265C4A8B0093ABE7 /* Info.plist */,
				1F4FF290265C4A8B0093ABE7 /* Preview Content */,
			);
			path = Africa;
			sourceTree = "<group>";
		};
		1F4FF290265C4A8B0093ABE7 /* Preview Content */ = {
			isa = PBXGroup;
			children = (
				1F4FF291265C4A8B0093ABE7 /* Preview Assets.xcassets */,
			);
			path = "Preview Content";
			sourceTree = "<group>";
		};
		1F732854265EDD67000D2858 /* Video */ = {
			isa = PBXGroup;
			children = (
				1F732855265EDD9F000D2858 /* cheetah.mp4 */,
				1F73285A265EDDA1000D2858 /* elephant.mp4 */,
				1F732857265EDDA0000D2858 /* giraffe.mp4 */,
				1F73285C265EDDA1000D2858 /* gorilla.mp4 */,
				1F732858265EDDA0000D2858 /* hippo.mp4 */,
				1F73285B265EDDA1000D2858 /* lion.mp4 */,
				1F73285D265EDDA2000D2858 /* lioness.mp4 */,
				1F73285E265EDDA2000D2858 /* ostrich.mp4 */,
				1F732856265EDD9F000D2858 /* rhino.mp4 */,
				1F732859265EDDA0000D2858 /* zebra.mp4 */,
			);
			path = Video;
			sourceTree = "<group>";
		};
		1F732869265EEE7B000D2858 /* Data */ = {
			isa = PBXGroup;
			children = (
				1F73286A265EEE9C000D2858 /* animals.json */,
				1F73286B265EEE9C000D2858 /* covers.json */,
				1F73286C265EEE9C000D2858 /* locations.json */,
				1F73286D265EEE9D000D2858 /* videos.json */,
			);
			path = Data;
			sourceTree = "<group>";
		};
		1F732872265EF093000D2858 /* App */ = {
			isa = PBXGroup;
			children = (
				1F4FF28A265C4A8A0093ABE7 /* AfricaApp.swift */,
				1F4FF28C265C4A8A0093ABE7 /* ContentView.swift */,
				1F732875265EF10C000D2858 /* MapView.swift */,
				1F732877265EF11E000D2858 /* GalleryView.swift */,
				1F732873265EF0F2000D2858 /* VideoListView.swift */,
				1F732879265EF12D000D2858 /* MainView.swift */,
				1FC2B78B26629CFE0095399A /* AnimalDetailView.swift */,
			);
			path = App;
			sourceTree = "<group>";
		};
		1F73287B265F85C2000D2858 /* View */ = {
			isa = PBXGroup;
			children = (
				1F73287C265F85CA000D2858 /* CoverImageView.swift */,
				1FC2B78F2662B8BC0095399A /* InsetGalleryView.swift */,
				1F43163E26602B6E007EB8DF /* AnimalListItemView.swift */,
				1FC2B78D2662A2490095399A /* HeadingView.swift */,
				1FC2B7912662BC690095399A /* InsectFactView.swift */,
				1FC2B7932662C0F00095399A /* InsetMapView.swift */,
				1FCB5ED52668027A00F11A9C /* ExternalWeblinkView.swift */,
				1FCB5EDB2668086D00F11A9C /* VideoListItemView.swift */,
				1F22EC4C266CE18E00EE9ED6 /* VideoPlayerView.swift */,
			);
			path = View;
			sourceTree = "<group>";
		};
		1F73287E265F87C6000D2858 /* Model */ = {
			isa = PBXGroup;
			children = (
				1F73287F265F87DA000D2858 /* CoverImageModel.swift */,
				1FC2B7872662976A0095399A /* AnimalModel.swift */,
				1FCB5ED7266807B300F11A9C /* VideoModel.swift */,
			);
			path = Model;
			sourceTree = "<group>";
		};
		1F732881265F8880000D2858 /* Extension */ = {
			isa = PBXGroup;
			children = (
				1F732882265F8892000D2858 /* CodableBundleExtension.swift */,
			);
			path = Extension;
			sourceTree = "<group>";
		};
/* End PBXGroup section */

/* Begin PBXNativeTarget section */
		1F4FF286265C4A8A0093ABE7 /* Africa */ = {
			isa = PBXNativeTarget;
			buildConfigurationList = 1F4FF296265C4A8B0093ABE7 /* Build configuration list for PBXNativeTarget "Africa" */;
			buildPhases = (
				1F4FF283265C4A8A0093ABE7 /* Sources */,
				1F4FF284265C4A8A0093ABE7 /* Frameworks */,
				1F4FF285265C4A8A0093ABE7 /* Resources */,
			);
			buildRules = (
			);
			dependencies = (
			);
			name = Africa;
			productName = Africa;
			productReference = 1F4FF287265C4A8A0093ABE7 /* Africa.app */;
			productType = "com.apple.product-type.application";
		};
/* End PBXNativeTarget section */

/* Begin PBXProject section */
		1F4FF27F265C4A890093ABE7 /* Project object */ = {
			isa = PBXProject;
			attributes = {
				LastSwiftUpdateCheck = 1250;
				LastUpgradeCheck = 1250;
				TargetAttributes = {
					1F4FF286265C4A8A0093ABE7 = {
						CreatedOnToolsVersion = 12.5;
					};
				};
			};
			buildConfigurationList = 1F4FF282265C4A890093ABE7 /* Build configuration list for PBXProject "Africa" */;
			compatibilityVersion = "Xcode 9.3";
			developmentRegion = en;
			hasScannedForEncodings = 0;
			knownRegions = (
				en,
				Base,
			);
			mainGroup = 1F4FF27E265C4A890093ABE7;
			productRefGroup = 1F4FF288265C4A8A0093ABE7 /* Products */;
			projectDirPath = "";
			projectRoot = "";
			targets = (
				1F4FF286265C4A8A0093ABE7 /* Africa */,
			);
		};
/* End PBXProject section */

/* Begin PBXResourcesBuildPhase section */
		1F4FF285265C4A8A0093ABE7 /* Resources */ = {
			isa = PBXResourcesBuildPhase;
			buildActionMask = 2147483647;
			files = (
				1F732860265EDDA2000D2858 /* rhino.mp4 in Resources */,
				1F732867265EDDA2000D2858 /* lioness.mp4 in Resources */,
				1F4FF292265C4A8B0093ABE7 /* Preview Assets.xcassets in Resources */,
				1F732866265EDDA2000D2858 /* gorilla.mp4 in Resources */,
				1F4FF28F265C4A8B0093ABE7 /* Assets.xcassets in Resources */,
				1F73285F265EDDA2000D2858 /* cheetah.mp4 in Resources */,
				1F732868265EDDA2000D2858 /* ostrich.mp4 in Resources */,
				1F732870265EEE9D000D2858 /* locations.json in Resources */,
				1F73286F265EEE9D000D2858 /* covers.json in Resources */,
				1F73286E265EEE9D000D2858 /* animals.json in Resources */,
				1F732864265EDDA2000D2858 /* elephant.mp4 in Resources */,
				1F732862265EDDA2000D2858 /* hippo.mp4 in Resources */,
				1F732863265EDDA2000D2858 /* zebra.mp4 in Resources */,
				1F732871265EEE9D000D2858 /* videos.json in Resources */,
				1F732865265EDDA2000D2858 /* lion.mp4 in Resources */,
				1F732861265EDDA2000D2858 /* giraffe.mp4 in Resources */,
			);
			runOnlyForDeploymentPostprocessing = 0;
		};
/* End PBXResourcesBuildPhase section */

/* Begin PBXSourcesBuildPhase section */
		1F4FF283265C4A8A0093ABE7 /* Sources */ = {
			isa = PBXSourcesBuildPhase;
			buildActionMask = 2147483647;
			files = (
				1FCB5ED62668027A00F11A9C /* ExternalWeblinkView.swift in Sources */,
				1F4FF28D265C4A8A0093ABE7 /* ContentView.swift in Sources */,
				1F43163F26602B6E007EB8DF /* AnimalListItemView.swift in Sources */,
				1FC2B7922662BC690095399A /* InsectFactView.swift in Sources */,
				1F73287A265EF12D000D2858 /* MainView.swift in Sources */,
				1F73287D265F85CA000D2858 /* CoverImageView.swift in Sources */,
				1F732880265F87DA000D2858 /* CoverImageModel.swift in Sources */,
				1FC2B78C26629CFE0095399A /* AnimalDetailView.swift in Sources */,
				1F732876265EF10C000D2858 /* MapView.swift in Sources */,
				1F4FF28B265C4A8A0093ABE7 /* AfricaApp.swift in Sources */,
				1F22EC50266CE2F700EE9ED6 /* VideoPlayerHelper.swift in Sources */,
				1FC2B7942662C0F00095399A /* InsetMapView.swift in Sources */,
				1F732874265EF0F2000D2858 /* VideoListView.swift in Sources */,
				1F732878265EF11E000D2858 /* GalleryView.swift in Sources */,
				1FCB5ED8266807B300F11A9C /* VideoModel.swift in Sources */,
				1FC2B7882662976A0095399A /* AnimalModel.swift in Sources */,
				1FC2B7902662B8BC0095399A /* InsetGalleryView.swift in Sources */,
				1FCB5EDC2668086D00F11A9C /* VideoListItemView.swift in Sources */,
				1F732883265F8892000D2858 /* CodableBundleExtension.swift in Sources */,
				1FC2B78E2662A2490095399A /* HeadingView.swift in Sources */,
				1F22EC4D266CE18E00EE9ED6 /* VideoPlayerView.swift in Sources */,
			);
			runOnlyForDeploymentPostprocessing = 0;
		};
/* End PBXSourcesBuildPhase section */

/* Begin XCBuildConfiguration section */
		1F4FF294265C4A8B0093ABE7 /* Debug */ = {
			isa = XCBuildConfiguration;
			buildSettings = {
				ALWAYS_SEARCH_USER_PATHS = NO;
				CLANG_ANALYZER_NONNULL = YES;
				CLANG_ANALYZER_NUMBER_OBJECT_CONVERSION = YES_AGGRESSIVE;
				CLANG_CXX_LANGUAGE_STANDARD = "gnu++14";
				CLANG_CXX_LIBRARY = "libc++";
				CLANG_ENABLE_MODULES = YES;
				CLANG_ENABLE_OBJC_ARC = YES;
				CLANG_ENABLE_OBJC_WEAK = YES;
				CLANG_WARN_BLOCK_CAPTURE_AUTORELEASING = YES;
				CLANG_WARN_BOOL_CONVERSION = YES;
				CLANG_WARN_COMMA = YES;
				CLANG_WARN_CONSTANT_CONVERSION = YES;
				CLANG_WARN_DEPRECATED_OBJC_IMPLEMENTATIONS = YES;
				CLANG_WARN_DIRECT_OBJC_ISA_USAGE = YES_ERROR;
				CLANG_WARN_DOCUMENTATION_COMMENTS = YES;
				CLANG_WARN_EMPTY_BODY = YES;
				CLANG_WARN_ENUM_CONVERSION = YES;
				CLANG_WARN_INFINITE_RECURSION = YES;
				CLANG_WARN_INT_CONVERSION = YES;
				CLANG_WARN_NON_LITERAL_NULL_CONVERSION = YES;
				CLANG_WARN_OBJC_IMPLICIT_RETAIN_SELF = YES;
				CLANG_WARN_OBJC_LITERAL_CONVERSION = YES;
				CLANG_WARN_OBJC_ROOT_CLASS = YES_ERROR;
				CLANG_WARN_QUOTED_INCLUDE_IN_FRAMEWORK_HEADER = YES;
				CLANG_WARN_RANGE_LOOP_ANALYSIS = YES;
				CLANG_WARN_STRICT_PROTOTYPES = YES;
				CLANG_WARN_SUSPICIOUS_MOVE = YES;
				CLANG_WARN_UNGUARDED_AVAILABILITY = YES_AGGRESSIVE;
				CLANG_WARN_UNREACHABLE_CODE = YES;
				CLANG_WARN__DUPLICATE_METHOD_MATCH = YES;
				COPY_PHASE_STRIP = NO;
				DEBUG_INFORMATION_FORMAT = dwarf;
				ENABLE_STRICT_OBJC_MSGSEND = YES;
				ENABLE_TESTABILITY = YES;
				GCC_C_LANGUAGE_STANDARD = gnu11;
				GCC_DYNAMIC_NO_PIC = NO;
				GCC_NO_COMMON_BLOCKS = YES;
				GCC_OPTIMIZATION_LEVEL = 0;
				GCC_PREPROCESSOR_DEFINITIONS = (
					"DEBUG=1",
					"$(inherited)",
				);
				GCC_WARN_64_TO_32_BIT_CONVERSION = YES;
				GCC_WARN_ABOUT_RETURN_TYPE = YES_ERROR;
				GCC_WARN_UNDECLARED_SELECTOR = YES;
				GCC_WARN_UNINITIALIZED_AUTOS = YES_AGGRESSIVE;
				GCC_WARN_UNUSED_FUNCTION = YES;
				GCC_WARN_UNUSED_VARIABLE = YES;
				IPHONEOS_DEPLOYMENT_TARGET = 14.5;
				MTL_ENABLE_DEBUG_INFO = INCLUDE_SOURCE;
				MTL_FAST_MATH = YES;
				ONLY_ACTIVE_ARCH = YES;
				SDKROOT = iphoneos;
				SWIFT_ACTIVE_COMPILATION_CONDITIONS = DEBUG;
				SWIFT_OPTIMIZATION_LEVEL = "-Onone";
			};
			name = Debug;
		};
		1F4FF295265C4A8B0093ABE7 /* Release */ = {
			isa = XCBuildConfiguration;
			buildSettings = {
				ALWAYS_SEARCH_USER_PATHS = NO;
				CLANG_ANALYZER_NONNULL = YES;
				CLANG_ANALYZER_NUMBER_OBJECT_CONVERSION = YES_AGGRESSIVE;
				CLANG_CXX_LANGUAGE_STANDARD = "gnu++14";
				CLANG_CXX_LIBRARY = "libc++";
				CLANG_ENABLE_MODULES = YES;
				CLANG_ENABLE_OBJC_ARC = YES;
				CLANG_ENABLE_OBJC_WEAK = YES;
				CLANG_WARN_BLOCK_CAPTURE_AUTORELEASING = YES;
				CLANG_WARN_BOOL_CONVERSION = YES;
				CLANG_WARN_COMMA = YES;
				CLANG_WARN_CONSTANT_CONVERSION = YES;
				CLANG_WARN_DEPRECATED_OBJC_IMPLEMENTATIONS = YES;
				CLANG_WARN_DIRECT_OBJC_ISA_USAGE = YES_ERROR;
				CLANG_WARN_DOCUMENTATION_COMMENTS = YES;
				CLANG_WARN_EMPTY_BODY = YES;
				CLANG_WARN_ENUM_CONVERSION = YES;
				CLANG_WARN_INFINITE_RECURSION = YES;
				CLANG_WARN_INT_CONVERSION = YES;
				CLANG_WARN_NON_LITERAL_NULL_CONVERSION = YES;
				CLANG_WARN_OBJC_IMPLICIT_RETAIN_SELF = YES;
				CLANG_WARN_OBJC_LITERAL_CONVERSION = YES;
				CLANG_WARN_OBJC_ROOT_CLASS = YES_ERROR;
				CLANG_WARN_QUOTED_INCLUDE_IN_FRAMEWORK_HEADER = YES;
				CLANG_WARN_RANGE_LOOP_ANALYSIS = YES;
				CLANG_WARN_STRICT_PROTOTYPES = YES;
				CLANG_WARN_SUSPICIOUS_MOVE = YES;
				CLANG_WARN_UNGUARDED_AVAILABILITY = YES_AGGRESSIVE;
				CLANG_WARN_UNREACHABLE_CODE = YES;
				CLANG_WARN__DUPLICATE_METHOD_MATCH = YES;
				COPY_PHASE_STRIP = NO;
				DEBUG_INFORMATION_FORMAT = "dwarf-with-dsym";
				ENABLE_NS_ASSERTIONS = NO;
				ENABLE_STRICT_OBJC_MSGSEND = YES;
				GCC_C_LANGUAGE_STANDARD = gnu11;
				GCC_NO_COMMON_BLOCKS = YES;
				GCC_WARN_64_TO_32_BIT_CONVERSION = YES;
				GCC_WARN_ABOUT_RETURN_TYPE = YES_ERROR;
				GCC_WARN_UNDECLARED_SELECTOR = YES;
				GCC_WARN_UNINITIALIZED_AUTOS = YES_AGGRESSIVE;
				GCC_WARN_UNUSED_FUNCTION = YES;
				GCC_WARN_UNUSED_VARIABLE = YES;
				IPHONEOS_DEPLOYMENT_TARGET = 14.5;
				MTL_ENABLE_DEBUG_INFO = NO;
				MTL_FAST_MATH = YES;
				SDKROOT = iphoneos;
				SWIFT_COMPILATION_MODE = wholemodule;
				SWIFT_OPTIMIZATION_LEVEL = "-O";
				VALIDATE_PRODUCT = YES;
			};
			name = Release;
		};
		1F4FF297265C4A8B0093ABE7 /* Debug */ = {
			isa = XCBuildConfiguration;
			buildSettings = {
				ASSETCATALOG_COMPILER_APPICON_NAME = AppIcon;
				ASSETCATALOG_COMPILER_GLOBAL_ACCENT_COLOR_NAME = AccentColor;
				CODE_SIGN_STYLE = Automatic;
				DEVELOPMENT_ASSET_PATHS = "\"Africa/Preview Content\"";
				DEVELOPMENT_TEAM = 6DG7689HUV;
				ENABLE_PREVIEWS = YES;
				INFOPLIST_FILE = Africa/Info.plist;
				IPHONEOS_DEPLOYMENT_TARGET = 14.0;
				LD_RUNPATH_SEARCH_PATHS = (
					"$(inherited)",
					"@executable_path/Frameworks",
				);
				PRODUCT_BUNDLE_IDENTIFIER = com.andonidasilva.Africa;
				PRODUCT_NAME = "$(TARGET_NAME)";
				SWIFT_VERSION = 5.0;
				TARGETED_DEVICE_FAMILY = "1,2";
			};
			name = Debug;
		};
		1F4FF298265C4A8B0093ABE7 /* Release */ = {
			isa = XCBuildConfiguration;
			buildSettings = {
				ASSETCATALOG_COMPILER_APPICON_NAME = AppIcon;
				ASSETCATALOG_COMPILER_GLOBAL_ACCENT_COLOR_NAME = AccentColor;
				CODE_SIGN_STYLE = Automatic;
				DEVELOPMENT_ASSET_PATHS = "\"Africa/Preview Content\"";
				DEVELOPMENT_TEAM = 6DG7689HUV;
				ENABLE_PREVIEWS = YES;
				INFOPLIST_FILE = Africa/Info.plist;
				IPHONEOS_DEPLOYMENT_TARGET = 14.0;
				LD_RUNPATH_SEARCH_PATHS = (
					"$(inherited)",
					"@executable_path/Frameworks",
				);
				PRODUCT_BUNDLE_IDENTIFIER = com.andonidasilva.Africa;
				PRODUCT_NAME = "$(TARGET_NAME)";
				SWIFT_VERSION = 5.0;
				TARGETED_DEVICE_FAMILY = "1,2";
			};
			name = Release;
		};
/* End XCBuildConfiguration section */

/* Begin XCConfigurationList section */
		1F4FF282265C4A890093ABE7 /* Build configuration list for PBXProject "Africa" */ = {
			isa = XCConfigurationList;
			buildConfigurations = (
				1F4FF294265C4A8B0093ABE7 /* Debug */,
				1F4FF295265C4A8B0093ABE7 /* Release */,
			);
			defaultConfigurationIsVisible = 0;
			defaultConfigurationName = Release;
		};
		1F4FF296265C4A8B0093ABE7 /* Build configuration list for PBXNativeTarget "Africa" */ = {
			isa = XCConfigurationList;
			buildConfigurations = (
				1F4FF297265C4A8B0093ABE7 /* Debug */,
				1F4FF298265C4A8B0093ABE7 /* Release */,
			);
			defaultConfigurationIsVisible = 0;
			defaultConfigurationName = Release;
		};
/* End XCConfigurationList section */
	};
	rootObject = 1F4FF27F265C4A890093ABE7 /* Project object */;
}
